// !$*UTF8*$!
{
	archiveVersion = 1;
	classes = {
	};
	objectVersion = 46;
	objects = {

/* Begin PBXBuildFile section */
		17131E061A316CDB0002D808 /* plistAccess.m in Sources */ = {isa = PBXBuildFile; fileRef = 17131E051A316CDB0002D808 /* plistAccess.m */; };
		17131E0C1A32089E0002D808 /* playSound.m in Sources */ = {isa = PBXBuildFile; fileRef = 17131E0B1A32089E0002D808 /* playSound.m */; };
		1720A4AC1A36DCF500926848 /* status03.mp3 in Resources */ = {isa = PBXBuildFile; fileRef = 1720A4AB1A36DCF500926848 /* status03.mp3 */; };
		1720A4AE1A36DDCD00926848 /* ta_ta_suraido05.mp3 in Resources */ = {isa = PBXBuildFile; fileRef = 1720A4AD1A36DDCD00926848 /* ta_ta_suraido05.mp3 */; };
		1720A4C51A37636D00926848 /* Contents.json in Resources */ = {isa = PBXBuildFile; fileRef = 1720A4B11A37636D00926848 /* Contents.json */; };
		1720A4C61A37636D00926848 /* Icon-40.png in Resources */ = {isa = PBXBuildFile; fileRef = 1720A4B21A37636D00926848 /* Icon-40.png */; };
		1720A4C71A37636D00926848 /* Icon-40@2x.png in Resources */ = {isa = PBXBuildFile; fileRef = 1720A4B31A37636D00926848 /* Icon-40@2x.png */; };
		1720A4C81A37636D00926848 /* Icon-40@3x.png in Resources */ = {isa = PBXBuildFile; fileRef = 1720A4B41A37636D00926848 /* Icon-40@3x.png */; };
		1720A4C91A37636D00926848 /* Icon-60@2x.png in Resources */ = {isa = PBXBuildFile; fileRef = 1720A4B51A37636D00926848 /* Icon-60@2x.png */; };
		1720A4CA1A37636D00926848 /* Icon-60@3x.png in Resources */ = {isa = PBXBuildFile; fileRef = 1720A4B61A37636D00926848 /* Icon-60@3x.png */; };
		1720A4CB1A37636D00926848 /* Icon-76.png in Resources */ = {isa = PBXBuildFile; fileRef = 1720A4B71A37636D00926848 /* Icon-76.png */; };
		1720A4CC1A37636D00926848 /* Icon-76@2x.png in Resources */ = {isa = PBXBuildFile; fileRef = 1720A4B81A37636D00926848 /* Icon-76@2x.png */; };
		1720A4CD1A37636D00926848 /* Icon-Small.png in Resources */ = {isa = PBXBuildFile; fileRef = 1720A4B91A37636D00926848 /* Icon-Small.png */; };
		1720A4CE1A37636D00926848 /* Icon-Small@2x.png in Resources */ = {isa = PBXBuildFile; fileRef = 1720A4BA1A37636D00926848 /* Icon-Small@2x.png */; };
		1720A4CF1A37636D00926848 /* Icon-Small@3x.png in Resources */ = {isa = PBXBuildFile; fileRef = 1720A4BB1A37636D00926848 /* Icon-Small@3x.png */; };
		1720A4D01A37636D00926848 /* Icon-60.png in Resources */ = {isa = PBXBuildFile; fileRef = 1720A4BC1A37636D00926848 /* Icon-60.png */; };
		1720A4D11A37636D00926848 /* Icon-72.png in Resources */ = {isa = PBXBuildFile; fileRef = 1720A4BD1A37636D00926848 /* Icon-72.png */; };
		1720A4D21A37636D00926848 /* Icon-72@2x.png in Resources */ = {isa = PBXBuildFile; fileRef = 1720A4BE1A37636D00926848 /* Icon-72@2x.png */; };
		1720A4D31A37636D00926848 /* Icon-Small-50.png in Resources */ = {isa = PBXBuildFile; fileRef = 1720A4BF1A37636D00926848 /* Icon-Small-50.png */; };
		1720A4D41A37636D00926848 /* Icon-Small-50@2x.png in Resources */ = {isa = PBXBuildFile; fileRef = 1720A4C01A37636D00926848 /* Icon-Small-50@2x.png */; };
		1720A4D51A37636D00926848 /* Icon.png in Resources */ = {isa = PBXBuildFile; fileRef = 1720A4C11A37636D00926848 /* Icon.png */; };
		1720A4D61A37636D00926848 /* Icon@2x.png in Resources */ = {isa = PBXBuildFile; fileRef = 1720A4C21A37636D00926848 /* Icon@2x.png */; };
		1720A4D71A37636D00926848 /* iTunesArtwork.png in Resources */ = {isa = PBXBuildFile; fileRef = 1720A4C31A37636D00926848 /* iTunesArtwork.png */; };
		1720A4D81A37636D00926848 /* iTunesArtwork@2x.png in Resources */ = {isa = PBXBuildFile; fileRef = 1720A4C41A37636D00926848 /* iTunesArtwork@2x.png */; };
		1720A4DA1A377BFE00926848 /* get.mp3 in Resources */ = {isa = PBXBuildFile; fileRef = 1720A4D91A377BFE00926848 /* get.mp3 */; };
		1720A4DC1A37CF3900926848 /* LobiCore.bundle in Resources */ = {isa = PBXBuildFile; fileRef = 1720A4DB1A37CF3900926848 /* LobiCore.bundle */; };
		1720A4DE1A37CFA900926848 /* LobiCore.framework in Frameworks */ = {isa = PBXBuildFile; fileRef = 1720A4DD1A37CFA900926848 /* LobiCore.framework */; };
		1720A4E21A37D12000926848 /* LobiRanking.bundle in Resources */ = {isa = PBXBuildFile; fileRef = 1720A4E01A37D12000926848 /* LobiRanking.bundle */; };
		1720A4E31A37D12000926848 /* LobiRanking.framework in Frameworks */ = {isa = PBXBuildFile; fileRef = 1720A4E11A37D12000926848 /* LobiRanking.framework */; };
		1720A4E51A37D14500926848 /* libsqlite3.0.dylib in Frameworks */ = {isa = PBXBuildFile; fileRef = 1720A4E41A37D14500926848 /* libsqlite3.0.dylib */; };
		1720A4E71A37D14F00926848 /* OpenGLES.framework in Frameworks */ = {isa = PBXBuildFile; fileRef = 1720A4E61A37D14F00926848 /* OpenGLES.framework */; };
		1720A4E91A37D15800926848 /* QuartzCore.framework in Frameworks */ = {isa = PBXBuildFile; fileRef = 1720A4E81A37D15800926848 /* QuartzCore.framework */; };
		1720A4EB1A37D16000926848 /* MediaPlayer.framework in Frameworks */ = {isa = PBXBuildFile; fileRef = 1720A4EA1A37D16000926848 /* MediaPlayer.framework */; };
		1720A4ED1A37D16700926848 /* MessageUI.framework in Frameworks */ = {isa = PBXBuildFile; fileRef = 1720A4EC1A37D16700926848 /* MessageUI.framework */; };
		1720A4EF1A37D16E00926848 /* CoreData.framework in Frameworks */ = {isa = PBXBuildFile; fileRef = 1720A4EE1A37D16E00926848 /* CoreData.framework */; };
		1720A4F11A37D17400926848 /* CoreImage.framework in Frameworks */ = {isa = PBXBuildFile; fileRef = 1720A4F01A37D17400926848 /* CoreImage.framework */; settings = {ATTRIBUTES = (Weak, ); }; };
		1720A4F51A37D18400926848 /* Foundation.framework in Frameworks */ = {isa = PBXBuildFile; fileRef = 1720A4F41A37D18400926848 /* Foundation.framework */; settings = {ATTRIBUTES = (Weak, ); }; };
		1720A4F71A37D18B00926848 /* AudioToolbox.framework in Frameworks */ = {isa = PBXBuildFile; fileRef = 1720A4F61A37D18A00926848 /* AudioToolbox.framework */; settings = {ATTRIBUTES = (Weak, ); }; };
		1720A4F91A37D19100926848 /* AssetsLibrary.framework in Frameworks */ = {isa = PBXBuildFile; fileRef = 1720A4F81A37D19100926848 /* AssetsLibrary.framework */; settings = {ATTRIBUTES = (Weak, ); }; };
		1720A4FB1A37D19F00926848 /* UIKit.framework in Frameworks */ = {isa = PBXBuildFile; fileRef = 1720A4FA1A37D19F00926848 /* UIKit.framework */; settings = {ATTRIBUTES = (Weak, ); }; };
		178CD0101A303AE200AE81A8 /* UIColor+Hex.m in Sources */ = {isa = PBXBuildFile; fileRef = 178CD00F1A303AE200AE81A8 /* UIColor+Hex.m */; };
		178CD0181A30534600AE81A8 /* constData.m in Sources */ = {isa = PBXBuildFile; fileRef = 178CD0171A30534600AE81A8 /* constData.m */; };
		17AAFF251A2EA2FE006C348C /* AVFoundation.framework in Frameworks */ = {isa = PBXBuildFile; fileRef = 17AAFF241A2EA2FE006C348C /* AVFoundation.framework */; settings = {ATTRIBUTES = (Weak, ); }; };
		17AAFF2A1A2EA3B5006C348C /* SE_17.mp3 in Resources */ = {isa = PBXBuildFile; fileRef = 17AAFF281A2EA3B5006C348C /* SE_17.mp3 */; };
		17AAFF301A2EA804006C348C /* click_01-low.mp3 in Resources */ = {isa = PBXBuildFile; fileRef = 17AAFF2C1A2EA804006C348C /* click_01-low.mp3 */; };
		17AAFF321A2EA804006C348C /* click_08-low.mp3 in Resources */ = {isa = PBXBuildFile; fileRef = 17AAFF2E1A2EA804006C348C /* click_08-low.mp3 */; };
		17AAFF341A2EA9D9006C348C /* click_03-low.mp3 in Resources */ = {isa = PBXBuildFile; fileRef = 17AAFF331A2EA9D9006C348C /* click_03-low.mp3 */; };
		17AAFF361A2EAA69006C348C /* click_06-low.mp3 in Resources */ = {isa = PBXBuildFile; fileRef = 17AAFF351A2EAA69006C348C /* click_06-low.mp3 */; };
		17AAFF381A2ECBDA006C348C /* SE_19.mp3 in Resources */ = {isa = PBXBuildFile; fileRef = 17AAFF371A2ECBDA006C348C /* SE_19.mp3 */; };
		17CDDE381A2CA77100AB2917 /* main.m in Sources */ = {isa = PBXBuildFile; fileRef = 17CDDE371A2CA77100AB2917 /* main.m */; };
		17CDDE3B1A2CA77100AB2917 /* AppDelegate.m in Sources */ = {isa = PBXBuildFile; fileRef = 17CDDE3A1A2CA77100AB2917 /* AppDelegate.m */; };
		17CDDE3E1A2CA77100AB2917 /* Tetoris.xcdatamodeld in Sources */ = {isa = PBXBuildFile; fileRef = 17CDDE3C1A2CA77100AB2917 /* Tetoris.xcdatamodeld */; };
		17CDDE411A2CA77100AB2917 /* ViewController.m in Sources */ = {isa = PBXBuildFile; fileRef = 17CDDE401A2CA77100AB2917 /* ViewController.m */; };
		17CDDE441A2CA77100AB2917 /* Main.storyboard in Resources */ = {isa = PBXBuildFile; fileRef = 17CDDE421A2CA77100AB2917 /* Main.storyboard */; };
		17CDDE461A2CA77100AB2917 /* Images.xcassets in Resources */ = {isa = PBXBuildFile; fileRef = 17CDDE451A2CA77100AB2917 /* Images.xcassets */; };
		17CDDE491A2CA77100AB2917 /* LaunchScreen.xib in Resources */ = {isa = PBXBuildFile; fileRef = 17CDDE471A2CA77100AB2917 /* LaunchScreen.xib */; };
		17CDDE551A2CA77100AB2917 /* TetorisTests.m in Sources */ = {isa = PBXBuildFile; fileRef = 17CDDE541A2CA77100AB2917 /* TetorisTests.m */; };
		17CDDE631A2CABCF00AB2917 /* playView.m in Sources */ = {isa = PBXBuildFile; fileRef = 17CDDE621A2CABCF00AB2917 /* playView.m */; };
		17CFB32E1A381F5700936F54 /* GameKit.framework in Frameworks */ = {isa = PBXBuildFile; fileRef = 17CFB32D1A381F5700936F54 /* GameKit.framework */; };
		17CFB3311A381F7900936F54 /* StoreKit.framework in Frameworks */ = {isa = PBXBuildFile; fileRef = 17CFB3301A381F7900936F54 /* StoreKit.framework */; };
		17CFB3351A38255D00936F54 /* RankingViewController.m in Sources */ = {isa = PBXBuildFile; fileRef = 17CFB3341A38255D00936F54 /* RankingViewController.m */; };
/* End PBXBuildFile section */

/* Begin PBXContainerItemProxy section */
		17CDDE4F1A2CA77100AB2917 /* PBXContainerItemProxy */ = {
			isa = PBXContainerItemProxy;
			containerPortal = 17CDDE2A1A2CA77100AB2917 /* Project object */;
			proxyType = 1;
			remoteGlobalIDString = 17CDDE311A2CA77100AB2917;
			remoteInfo = Tetoris;
		};
/* End PBXContainerItemProxy section */

/* Begin PBXFileReference section */
		17131E041A316CDB0002D808 /* plistAccess.h */ = {isa = PBXFileReference; fileEncoding = 4; lastKnownFileType = sourcecode.c.h; path = plistAccess.h; sourceTree = "<group>"; };
		17131E051A316CDB0002D808 /* plistAccess.m */ = {isa = PBXFileReference; fileEncoding = 4; lastKnownFileType = sourcecode.c.objc; path = plistAccess.m; sourceTree = "<group>"; };
		17131E0A1A32089E0002D808 /* playSound.h */ = {isa = PBXFileReference; fileEncoding = 4; lastKnownFileType = sourcecode.c.h; path = playSound.h; sourceTree = "<group>"; };
		17131E0B1A32089E0002D808 /* playSound.m */ = {isa = PBXFileReference; fileEncoding = 4; lastKnownFileType = sourcecode.c.objc; path = playSound.m; sourceTree = "<group>"; };
		1720A4AB1A36DCF500926848 /* status03.mp3 */ = {isa = PBXFileReference; lastKnownFileType = audio.mp3; name = status03.mp3; path = ../../../Desktop/status03.mp3; sourceTree = "<group>"; };
		1720A4AD1A36DDCD00926848 /* ta_ta_suraido05.mp3 */ = {isa = PBXFileReference; lastKnownFileType = audio.mp3; name = ta_ta_suraido05.mp3; path = ../../../Downloads/ta_ta_suraido05.mp3; sourceTree = "<group>"; };
		1720A4B11A37636D00926848 /* Contents.json */ = {isa = PBXFileReference; fileEncoding = 4; lastKnownFileType = text.json; path = Contents.json; sourceTree = "<group>"; };
		1720A4B21A37636D00926848 /* Icon-40.png */ = {isa = PBXFileReference; lastKnownFileType = image.png; path = "Icon-40.png"; sourceTree = "<group>"; };
		1720A4B31A37636D00926848 /* Icon-40@2x.png */ = {isa = PBXFileReference; lastKnownFileType = image.png; path = "Icon-40@2x.png"; sourceTree = "<group>"; };
		1720A4B41A37636D00926848 /* Icon-40@3x.png */ = {isa = PBXFileReference; lastKnownFileType = image.png; path = "Icon-40@3x.png"; sourceTree = "<group>"; };
		1720A4B51A37636D00926848 /* Icon-60@2x.png */ = {isa = PBXFileReference; lastKnownFileType = image.png; path = "Icon-60@2x.png"; sourceTree = "<group>"; };
		1720A4B61A37636D00926848 /* Icon-60@3x.png */ = {isa = PBXFileReference; lastKnownFileType = image.png; path = "Icon-60@3x.png"; sourceTree = "<group>"; };
		1720A4B71A37636D00926848 /* Icon-76.png */ = {isa = PBXFileReference; lastKnownFileType = image.png; path = "Icon-76.png"; sourceTree = "<group>"; };
		1720A4B81A37636D00926848 /* Icon-76@2x.png */ = {isa = PBXFileReference; lastKnownFileType = image.png; path = "Icon-76@2x.png"; sourceTree = "<group>"; };
		1720A4B91A37636D00926848 /* Icon-Small.png */ = {isa = PBXFileReference; lastKnownFileType = image.png; path = "Icon-Small.png"; sourceTree = "<group>"; };
		1720A4BA1A37636D00926848 /* Icon-Small@2x.png */ = {isa = PBXFileReference; lastKnownFileType = image.png; path = "Icon-Small@2x.png"; sourceTree = "<group>"; };
		1720A4BB1A37636D00926848 /* Icon-Small@3x.png */ = {isa = PBXFileReference; lastKnownFileType = image.png; path = "Icon-Small@3x.png"; sourceTree = "<group>"; };
		1720A4BC1A37636D00926848 /* Icon-60.png */ = {isa = PBXFileReference; lastKnownFileType = image.png; path = "Icon-60.png"; sourceTree = "<group>"; };
		1720A4BD1A37636D00926848 /* Icon-72.png */ = {isa = PBXFileReference; lastKnownFileType = image.png; path = "Icon-72.png"; sourceTree = "<group>"; };
		1720A4BE1A37636D00926848 /* Icon-72@2x.png */ = {isa = PBXFileReference; lastKnownFileType = image.png; path = "Icon-72@2x.png"; sourceTree = "<group>"; };
		1720A4BF1A37636D00926848 /* Icon-Small-50.png */ = {isa = PBXFileReference; lastKnownFileType = image.png; path = "Icon-Small-50.png"; sourceTree = "<group>"; };
		1720A4C01A37636D00926848 /* Icon-Small-50@2x.png */ = {isa = PBXFileReference; lastKnownFileType = image.png; path = "Icon-Small-50@2x.png"; sourceTree = "<group>"; };
		1720A4C11A37636D00926848 /* Icon.png */ = {isa = PBXFileReference; lastKnownFileType = image.png; path = Icon.png; sourceTree = "<group>"; };
		1720A4C21A37636D00926848 /* Icon@2x.png */ = {isa = PBXFileReference; lastKnownFileType = image.png; path = "Icon@2x.png"; sourceTree = "<group>"; };
		1720A4C31A37636D00926848 /* iTunesArtwork.png */ = {isa = PBXFileReference; lastKnownFileType = image.png; path = iTunesArtwork.png; sourceTree = "<group>"; };
		1720A4C41A37636D00926848 /* iTunesArtwork@2x.png */ = {isa = PBXFileReference; lastKnownFileType = image.png; path = "iTunesArtwork@2x.png"; sourceTree = "<group>"; };
		1720A4D91A377BFE00926848 /* get.mp3 */ = {isa = PBXFileReference; lastKnownFileType = audio.mp3; path = get.mp3; sourceTree = "<group>"; };
		1720A4DB1A37CF3900926848 /* LobiCore.bundle */ = {isa = PBXFileReference; lastKnownFileType = "wrapper.plug-in"; path = LobiCore.bundle; sourceTree = "<group>"; };
		1720A4DD1A37CFA900926848 /* LobiCore.framework */ = {isa = PBXFileReference; lastKnownFileType = wrapper.framework; path = LobiCore.framework; sourceTree = "<group>"; };
		1720A4E01A37D12000926848 /* LobiRanking.bundle */ = {isa = PBXFileReference; lastKnownFileType = "wrapper.plug-in"; path = LobiRanking.bundle; sourceTree = "<group>"; };
		1720A4E11A37D12000926848 /* LobiRanking.framework */ = {isa = PBXFileReference; lastKnownFileType = wrapper.framework; path = LobiRanking.framework; sourceTree = "<group>"; };
		1720A4E41A37D14500926848 /* libsqlite3.0.dylib */ = {isa = PBXFileReference; lastKnownFileType = "compiled.mach-o.dylib"; name = libsqlite3.0.dylib; path = usr/lib/libsqlite3.0.dylib; sourceTree = SDKROOT; };
		1720A4E61A37D14F00926848 /* OpenGLES.framework */ = {isa = PBXFileReference; lastKnownFileType = wrapper.framework; name = OpenGLES.framework; path = System/Library/Frameworks/OpenGLES.framework; sourceTree = SDKROOT; };
		1720A4E81A37D15800926848 /* QuartzCore.framework */ = {isa = PBXFileReference; lastKnownFileType = wrapper.framework; name = QuartzCore.framework; path = System/Library/Frameworks/QuartzCore.framework; sourceTree = SDKROOT; };
		1720A4EA1A37D16000926848 /* MediaPlayer.framework */ = {isa = PBXFileReference; lastKnownFileType = wrapper.framework; name = MediaPlayer.framework; path = System/Library/Frameworks/MediaPlayer.framework; sourceTree = SDKROOT; };
		1720A4EC1A37D16700926848 /* MessageUI.framework */ = {isa = PBXFileReference; lastKnownFileType = wrapper.framework; name = MessageUI.framework; path = System/Library/Frameworks/MessageUI.framework; sourceTree = SDKROOT; };
		1720A4EE1A37D16E00926848 /* CoreData.framework */ = {isa = PBXFileReference; lastKnownFileType = wrapper.framework; name = CoreData.framework; path = System/Library/Frameworks/CoreData.framework; sourceTree = SDKROOT; };
		1720A4F01A37D17400926848 /* CoreImage.framework */ = {isa = PBXFileReference; lastKnownFileType = wrapper.framework; name = CoreImage.framework; path = System/Library/Frameworks/CoreImage.framework; sourceTree = SDKROOT; };
		1720A4F41A37D18400926848 /* Foundation.framework */ = {isa = PBXFileReference; lastKnownFileType = wrapper.framework; name = Foundation.framework; path = System/Library/Frameworks/Foundation.framework; sourceTree = SDKROOT; };
		1720A4F61A37D18A00926848 /* AudioToolbox.framework */ = {isa = PBXFileReference; lastKnownFileType = wrapper.framework; name = AudioToolbox.framework; path = System/Library/Frameworks/AudioToolbox.framework; sourceTree = SDKROOT; };
		1720A4F81A37D19100926848 /* AssetsLibrary.framework */ = {isa = PBXFileReference; lastKnownFileType = wrapper.framework; name = AssetsLibrary.framework; path = System/Library/Frameworks/AssetsLibrary.framework; sourceTree = SDKROOT; };
		1720A4FA1A37D19F00926848 /* UIKit.framework */ = {isa = PBXFileReference; lastKnownFileType = wrapper.framework; name = UIKit.framework; path = System/Library/Frameworks/UIKit.framework; sourceTree = SDKROOT; };
		178CD00E1A303AE200AE81A8 /* UIColor+Hex.h */ = {isa = PBXFileReference; fileEncoding = 4; lastKnownFileType = sourcecode.c.h; path = "UIColor+Hex.h"; sourceTree = "<group>"; };
		178CD00F1A303AE200AE81A8 /* UIColor+Hex.m */ = {isa = PBXFileReference; fileEncoding = 4; lastKnownFileType = sourcecode.c.objc; path = "UIColor+Hex.m"; sourceTree = "<group>"; };
		178CD0161A30534600AE81A8 /* constData.h */ = {isa = PBXFileReference; fileEncoding = 4; lastKnownFileType = sourcecode.c.h; path = constData.h; sourceTree = "<group>"; };
		178CD0171A30534600AE81A8 /* constData.m */ = {isa = PBXFileReference; fileEncoding = 4; lastKnownFileType = sourcecode.c.objc; path = constData.m; sourceTree = "<group>"; };
		17AAFF241A2EA2FE006C348C /* AVFoundation.framework */ = {isa = PBXFileReference; lastKnownFileType = wrapper.framework; name = AVFoundation.framework; path = System/Library/Frameworks/AVFoundation.framework; sourceTree = SDKROOT; };
		17AAFF281A2EA3B5006C348C /* SE_17.mp3 */ = {isa = PBXFileReference; lastKnownFileType = audio.mp3; path = SE_17.mp3; sourceTree = "<group>"; };
		17AAFF2C1A2EA804006C348C /* click_01-low.mp3 */ = {isa = PBXFileReference; lastKnownFileType = audio.mp3; path = "click_01-low.mp3"; sourceTree = "<group>"; };
		17AAFF2E1A2EA804006C348C /* click_08-low.mp3 */ = {isa = PBXFileReference; lastKnownFileType = audio.mp3; path = "click_08-low.mp3"; sourceTree = "<group>"; };
		17AAFF331A2EA9D9006C348C /* click_03-low.mp3 */ = {isa = PBXFileReference; lastKnownFileType = audio.mp3; path = "click_03-low.mp3"; sourceTree = "<group>"; };
		17AAFF351A2EAA69006C348C /* click_06-low.mp3 */ = {isa = PBXFileReference; lastKnownFileType = audio.mp3; path = "click_06-low.mp3"; sourceTree = "<group>"; };
		17AAFF371A2ECBDA006C348C /* SE_19.mp3 */ = {isa = PBXFileReference; lastKnownFileType = audio.mp3; path = SE_19.mp3; sourceTree = "<group>"; };
		17CDDE321A2CA77100AB2917 /* Tetoris.app */ = {isa = PBXFileReference; explicitFileType = wrapper.application; includeInIndex = 0; path = Tetoris.app; sourceTree = BUILT_PRODUCTS_DIR; };
		17CDDE361A2CA77100AB2917 /* Info.plist */ = {isa = PBXFileReference; lastKnownFileType = text.plist.xml; path = Info.plist; sourceTree = "<group>"; };
		17CDDE371A2CA77100AB2917 /* main.m */ = {isa = PBXFileReference; lastKnownFileType = sourcecode.c.objc; path = main.m; sourceTree = "<group>"; };
		17CDDE391A2CA77100AB2917 /* AppDelegate.h */ = {isa = PBXFileReference; lastKnownFileType = sourcecode.c.h; path = AppDelegate.h; sourceTree = "<group>"; };
		17CDDE3A1A2CA77100AB2917 /* AppDelegate.m */ = {isa = PBXFileReference; lastKnownFileType = sourcecode.c.objc; path = AppDelegate.m; sourceTree = "<group>"; };
		17CDDE3D1A2CA77100AB2917 /* Tetoris.xcdatamodel */ = {isa = PBXFileReference; lastKnownFileType = wrapper.xcdatamodel; path = Tetoris.xcdatamodel; sourceTree = "<group>"; };
		17CDDE3F1A2CA77100AB2917 /* ViewController.h */ = {isa = PBXFileReference; lastKnownFileType = sourcecode.c.h; path = ViewController.h; sourceTree = "<group>"; };
		17CDDE401A2CA77100AB2917 /* ViewController.m */ = {isa = PBXFileReference; lastKnownFileType = sourcecode.c.objc; path = ViewController.m; sourceTree = "<group>"; };
		17CDDE431A2CA77100AB2917 /* Base */ = {isa = PBXFileReference; lastKnownFileType = file.storyboard; name = Base; path = Base.lproj/Main.storyboard; sourceTree = "<group>"; };
		17CDDE451A2CA77100AB2917 /* Images.xcassets */ = {isa = PBXFileReference; lastKnownFileType = folder.assetcatalog; path = Images.xcassets; sourceTree = "<group>"; };
		17CDDE481A2CA77100AB2917 /* Base */ = {isa = PBXFileReference; lastKnownFileType = file.xib; name = Base; path = Base.lproj/LaunchScreen.xib; sourceTree = "<group>"; };
		17CDDE4E1A2CA77100AB2917 /* TetorisTests.xctest */ = {isa = PBXFileReference; explicitFileType = wrapper.cfbundle; includeInIndex = 0; path = TetorisTests.xctest; sourceTree = BUILT_PRODUCTS_DIR; };
		17CDDE531A2CA77100AB2917 /* Info.plist */ = {isa = PBXFileReference; lastKnownFileType = text.plist.xml; path = Info.plist; sourceTree = "<group>"; };
		17CDDE541A2CA77100AB2917 /* TetorisTests.m */ = {isa = PBXFileReference; lastKnownFileType = sourcecode.c.objc; path = TetorisTests.m; sourceTree = "<group>"; };
		17CDDE611A2CABCF00AB2917 /* PlayView.h */ = {isa = PBXFileReference; fileEncoding = 4; lastKnownFileType = sourcecode.c.h; path = PlayView.h; sourceTree = "<group>"; };
		17CDDE621A2CABCF00AB2917 /* playView.m */ = {isa = PBXFileReference; fileEncoding = 4; lastKnownFileType = sourcecode.c.objc; path = playView.m; sourceTree = "<group>"; };
		17CFB32D1A381F5700936F54 /* GameKit.framework */ = {isa = PBXFileReference; lastKnownFileType = wrapper.framework; name = GameKit.framework; path = System/Library/Frameworks/GameKit.framework; sourceTree = SDKROOT; };
		17CFB32F1A381F6E00936F54 /* Tetoris.entitlements */ = {isa = PBXFileReference; lastKnownFileType = text.xml; path = Tetoris.entitlements; sourceTree = "<group>"; };
		17CFB3301A381F7900936F54 /* StoreKit.framework */ = {isa = PBXFileReference; lastKnownFileType = wrapper.framework; name = StoreKit.framework; path = System/Library/Frameworks/StoreKit.framework; sourceTree = SDKROOT; };
		17CFB3331A38255D00936F54 /* RankingViewController.h */ = {isa = PBXFileReference; fileEncoding = 4; lastKnownFileType = sourcecode.c.h; path = RankingViewController.h; sourceTree = "<group>"; };
		17CFB3341A38255D00936F54 /* RankingViewController.m */ = {isa = PBXFileReference; fileEncoding = 4; lastKnownFileType = sourcecode.c.objc; path = RankingViewController.m; sourceTree = "<group>"; };
/* End PBXFileReference section */

/* Begin PBXFrameworksBuildPhase section */
		17CDDE2F1A2CA77100AB2917 /* Frameworks */ = {
			isa = PBXFrameworksBuildPhase;
			buildActionMask = 2147483647;
			files = (
				1720A4FB1A37D19F00926848 /* UIKit.framework in Frameworks */,
				1720A4F91A37D19100926848 /* AssetsLibrary.framework in Frameworks */,
				1720A4F71A37D18B00926848 /* AudioToolbox.framework in Frameworks */,
				17CFB3311A381F7900936F54 /* StoreKit.framework in Frameworks */,
				1720A4F51A37D18400926848 /* Foundation.framework in Frameworks */,
				1720A4F11A37D17400926848 /* CoreImage.framework in Frameworks */,
				1720A4EF1A37D16E00926848 /* CoreData.framework in Frameworks */,
				1720A4ED1A37D16700926848 /* MessageUI.framework in Frameworks */,
				1720A4EB1A37D16000926848 /* MediaPlayer.framework in Frameworks */,
				1720A4E91A37D15800926848 /* QuartzCore.framework in Frameworks */,
				17CFB32E1A381F5700936F54 /* GameKit.framework in Frameworks */,
				1720A4E71A37D14F00926848 /* OpenGLES.framework in Frameworks */,
				1720A4E51A37D14500926848 /* libsqlite3.0.dylib in Frameworks */,
				1720A4E31A37D12000926848 /* LobiRanking.framework in Frameworks */,
				1720A4DE1A37CFA900926848 /* LobiCore.framework in Frameworks */,
				17AAFF251A2EA2FE006C348C /* AVFoundation.framework in Frameworks */,
			);
			runOnlyForDeploymentPostprocessing = 0;
		};
		17CDDE4B1A2CA77100AB2917 /* Frameworks */ = {
			isa = PBXFrameworksBuildPhase;
			buildActionMask = 2147483647;
			files = (
			);
			runOnlyForDeploymentPostprocessing = 0;
		};
/* End PBXFrameworksBuildPhase section */

/* Begin PBXGroup section */
		17131E031A3166AF0002D808 /* method */ = {
			isa = PBXGroup;
			children = (
				17131E041A316CDB0002D808 /* plistAccess.h */,
				17131E051A316CDB0002D808 /* plistAccess.m */,
				17131E0A1A32089E0002D808 /* playSound.h */,
				17131E0B1A32089E0002D808 /* playSound.m */,
			);
			name = method;
			sourceTree = "<group>";
		};
		1720A4AF1A37636D00926848 /* ios */ = {
			isa = PBXGroup;
			children = (
				1720A4B01A37636D00926848 /* AppIcon.appiconset */,
				1720A4BC1A37636D00926848 /* Icon-60.png */,
				1720A4BD1A37636D00926848 /* Icon-72.png */,
				1720A4BE1A37636D00926848 /* Icon-72@2x.png */,
				1720A4BF1A37636D00926848 /* Icon-Small-50.png */,
				1720A4C01A37636D00926848 /* Icon-Small-50@2x.png */,
				1720A4C11A37636D00926848 /* Icon.png */,
				1720A4C21A37636D00926848 /* Icon@2x.png */,
				1720A4C31A37636D00926848 /* iTunesArtwork.png */,
				1720A4C41A37636D00926848 /* iTunesArtwork@2x.png */,
			);
			name = ios;
			path = ../../../Downloads/icon/ios;
			sourceTree = "<group>";
		};
		1720A4B01A37636D00926848 /* AppIcon.appiconset */ = {
			isa = PBXGroup;
			children = (
				1720A4B11A37636D00926848 /* Contents.json */,
				1720A4B21A37636D00926848 /* Icon-40.png */,
				1720A4B31A37636D00926848 /* Icon-40@2x.png */,
				1720A4B41A37636D00926848 /* Icon-40@3x.png */,
				1720A4B51A37636D00926848 /* Icon-60@2x.png */,
				1720A4B61A37636D00926848 /* Icon-60@3x.png */,
				1720A4B71A37636D00926848 /* Icon-76.png */,
				1720A4B81A37636D00926848 /* Icon-76@2x.png */,
				1720A4B91A37636D00926848 /* Icon-Small.png */,
				1720A4BA1A37636D00926848 /* Icon-Small@2x.png */,
				1720A4BB1A37636D00926848 /* Icon-Small@3x.png */,
			);
			path = AppIcon.appiconset;
			sourceTree = "<group>";
		};
		1720A4DF1A37D0E800926848 /* Lobi */ = {
			isa = PBXGroup;
			children = (
				17AAFF241A2EA2FE006C348C /* AVFoundation.framework */,
				1720A4FA1A37D19F00926848 /* UIKit.framework */,
				1720A4F81A37D19100926848 /* AssetsLibrary.framework */,
				1720A4F61A37D18A00926848 /* AudioToolbox.framework */,
				1720A4F41A37D18400926848 /* Foundation.framework */,
				1720A4F01A37D17400926848 /* CoreImage.framework */,
				1720A4EE1A37D16E00926848 /* CoreData.framework */,
				1720A4EC1A37D16700926848 /* MessageUI.framework */,
				1720A4EA1A37D16000926848 /* MediaPlayer.framework */,
				1720A4E81A37D15800926848 /* QuartzCore.framework */,
				1720A4E61A37D14F00926848 /* OpenGLES.framework */,
				1720A4E41A37D14500926848 /* libsqlite3.0.dylib */,
				1720A4E01A37D12000926848 /* LobiRanking.bundle */,
				1720A4E11A37D12000926848 /* LobiRanking.framework */,
				1720A4DB1A37CF3900926848 /* LobiCore.bundle */,
				1720A4DD1A37CFA900926848 /* LobiCore.framework */,
			);
			name = Lobi;
			sourceTree = "<group>";
		};
		178CD0111A304CC500AE81A8 /* startView */ = {
			isa = PBXGroup;
			children = (
				17CDDE3F1A2CA77100AB2917 /* ViewController.h */,
				17CDDE401A2CA77100AB2917 /* ViewController.m */,
			);
			name = startView;
			sourceTree = "<group>";
		};
		178CD0121A304CDA00AE81A8 /* playView */ = {
			isa = PBXGroup;
			children = (
				17CDDE611A2CABCF00AB2917 /* PlayView.h */,
				17CDDE621A2CABCF00AB2917 /* playView.m */,
			);
			name = playView;
			sourceTree = "<group>";
		};
		178CD0131A304D5A00AE81A8 /* common */ = {
			isa = PBXGroup;
			children = (
				178CD00E1A303AE200AE81A8 /* UIColor+Hex.h */,
				178CD00F1A303AE200AE81A8 /* UIColor+Hex.m */,
			);
			name = common;
			sourceTree = "<group>";
		};
		178CD0141A304D6F00AE81A8 /* defaultFile */ = {
			isa = PBXGroup;
			children = (
				17CDDE391A2CA77100AB2917 /* AppDelegate.h */,
				17CDDE3A1A2CA77100AB2917 /* AppDelegate.m */,
			);
			name = defaultFile;
			sourceTree = "<group>";
		};
		178CD0151A30532700AE81A8 /* const */ = {
			isa = PBXGroup;
			children = (
				178CD0161A30534600AE81A8 /* constData.h */,
				178CD0171A30534600AE81A8 /* constData.m */,
			);
			name = const;
			sourceTree = "<group>";
		};
		17AAFF261A2EA395006C348C /* sound */ = {
			isa = PBXGroup;
			children = (
				17AAFF2C1A2EA804006C348C /* click_01-low.mp3 */,
				1720A4D91A377BFE00926848 /* get.mp3 */,
				17AAFF2E1A2EA804006C348C /* click_08-low.mp3 */,
				17AAFF331A2EA9D9006C348C /* click_03-low.mp3 */,
				1720A4AB1A36DCF500926848 /* status03.mp3 */,
				17AAFF371A2ECBDA006C348C /* SE_19.mp3 */,
				1720A4AD1A36DDCD00926848 /* ta_ta_suraido05.mp3 */,
				17AAFF351A2EAA69006C348C /* click_06-low.mp3 */,
				17AAFF281A2EA3B5006C348C /* SE_17.mp3 */,
			);
			name = sound;
			sourceTree = "<group>";
		};
		17CDDE291A2CA77100AB2917 = {
			isa = PBXGroup;
			children = (
				17CFB3301A381F7900936F54 /* StoreKit.framework */,
				17CFB32D1A381F5700936F54 /* GameKit.framework */,
				17CDDE341A2CA77100AB2917 /* Tetoris */,
				17CDDE511A2CA77100AB2917 /* TetorisTests */,
				17CDDE331A2CA77100AB2917 /* Products */,
			);
			sourceTree = "<group>";
		};
		17CDDE331A2CA77100AB2917 /* Products */ = {
			isa = PBXGroup;
			children = (
				17CDDE321A2CA77100AB2917 /* Tetoris.app */,
				17CDDE4E1A2CA77100AB2917 /* TetorisTests.xctest */,
			);
			name = Products;
			sourceTree = "<group>";
		};
		17CDDE341A2CA77100AB2917 /* Tetoris */ = {
			isa = PBXGroup;
			children = (
				17CFB32F1A381F6E00936F54 /* Tetoris.entitlements */,
				1720A4AF1A37636D00926848 /* ios */,
				17AAFF261A2EA395006C348C /* sound */,
				178CD0141A304D6F00AE81A8 /* defaultFile */,
				178CD0111A304CC500AE81A8 /* startView */,
				178CD0121A304CDA00AE81A8 /* playView */,
				178CD0131A304D5A00AE81A8 /* common */,
				178CD0151A30532700AE81A8 /* const */,
				17131E031A3166AF0002D808 /* method */,
				17CFB3321A38252C00936F54 /* RakingView */,
				17CDDE421A2CA77100AB2917 /* Main.storyboard */,
				17CDDE451A2CA77100AB2917 /* Images.xcassets */,
				17CDDE471A2CA77100AB2917 /* LaunchScreen.xib */,
				17CDDE3C1A2CA77100AB2917 /* Tetoris.xcdatamodeld */,
				17CDDE351A2CA77100AB2917 /* Supporting Files */,
			);
			path = Tetoris;
			sourceTree = "<group>";
		};
		17CDDE351A2CA77100AB2917 /* Supporting Files */ = {
			isa = PBXGroup;
			children = (
				1720A4DF1A37D0E800926848 /* Lobi */,
				17CDDE361A2CA77100AB2917 /* Info.plist */,
				17CDDE371A2CA77100AB2917 /* main.m */,
			);
			name = "Supporting Files";
			sourceTree = "<group>";
		};
		17CDDE511A2CA77100AB2917 /* TetorisTests */ = {
			isa = PBXGroup;
			children = (
				17CDDE541A2CA77100AB2917 /* TetorisTests.m */,
				17CDDE521A2CA77100AB2917 /* Supporting Files */,
			);
			path = TetorisTests;
			sourceTree = "<group>";
		};
		17CDDE521A2CA77100AB2917 /* Supporting Files */ = {
			isa = PBXGroup;
			children = (
				17CDDE531A2CA77100AB2917 /* Info.plist */,
			);
			name = "Supporting Files";
			sourceTree = "<group>";
		};
		17CFB3321A38252C00936F54 /* RakingView */ = {
			isa = PBXGroup;
			children = (
				17CFB3331A38255D00936F54 /* RankingViewController.h */,
				17CFB3341A38255D00936F54 /* RankingViewController.m */,
			);
			name = RakingView;
			sourceTree = "<group>";
		};
/* End PBXGroup section */

/* Begin PBXNativeTarget section */
		17CDDE311A2CA77100AB2917 /* Tetoris */ = {
			isa = PBXNativeTarget;
			buildConfigurationList = 17CDDE581A2CA77100AB2917 /* Build configuration list for PBXNativeTarget "Tetoris" */;
			buildPhases = (
				17CDDE2E1A2CA77100AB2917 /* Sources */,
				17CDDE2F1A2CA77100AB2917 /* Frameworks */,
				17CDDE301A2CA77100AB2917 /* Resources */,
			);
			buildRules = (
			);
			dependencies = (
			);
			name = Tetoris;
			productName = Tetoris;
			productReference = 17CDDE321A2CA77100AB2917 /* Tetoris.app */;
			productType = "com.apple.product-type.application";
		};
		17CDDE4D1A2CA77100AB2917 /* TetorisTests */ = {
			isa = PBXNativeTarget;
			buildConfigurationList = 17CDDE5B1A2CA77100AB2917 /* Build configuration list for PBXNativeTarget "TetorisTests" */;
			buildPhases = (
				17CDDE4A1A2CA77100AB2917 /* Sources */,
				17CDDE4B1A2CA77100AB2917 /* Frameworks */,
				17CDDE4C1A2CA77100AB2917 /* Resources */,
			);
			buildRules = (
			);
			dependencies = (
				17CDDE501A2CA77100AB2917 /* PBXTargetDependency */,
			);
			name = TetorisTests;
			productName = TetorisTests;
			productReference = 17CDDE4E1A2CA77100AB2917 /* TetorisTests.xctest */;
			productType = "com.apple.product-type.bundle.unit-test";
		};
/* End PBXNativeTarget section */

/* Begin PBXProject section */
		17CDDE2A1A2CA77100AB2917 /* Project object */ = {
			isa = PBXProject;
			attributes = {
				LastUpgradeCheck = 0610;
				ORGANIZATIONNAME = totta;
				TargetAttributes = {
					17CDDE311A2CA77100AB2917 = {
						CreatedOnToolsVersion = 6.1;
						DevelopmentTeam = 5NRPJR4WHJ;
						SystemCapabilities = {
							com.apple.GameCenter = {
								enabled = 1;
							};
							com.apple.InAppPurchase = {
								enabled = 1;
							};
							com.apple.OMC = {
								enabled = 0;
							};
							com.apple.iCloud = {
								enabled = 0;
							};
						};
					};
					17CDDE4D1A2CA77100AB2917 = {
						CreatedOnToolsVersion = 6.1;
						DevelopmentTeam = 5NRPJR4WHJ;
						TestTargetID = 17CDDE311A2CA77100AB2917;
					};
				};
			};
			buildConfigurationList = 17CDDE2D1A2CA77100AB2917 /* Build configuration list for PBXProject "Tetoris" */;
			compatibilityVersion = "Xcode 3.2";
			developmentRegion = English;
			hasScannedForEncodings = 0;
			knownRegions = (
				en,
				Base,
			);
			mainGroup = 17CDDE291A2CA77100AB2917;
			productRefGroup = 17CDDE331A2CA77100AB2917 /* Products */;
			projectDirPath = "";
			projectRoot = "";
			targets = (
				17CDDE311A2CA77100AB2917 /* Tetoris */,
				17CDDE4D1A2CA77100AB2917 /* TetorisTests */,
			);
		};
/* End PBXProject section */

/* Begin PBXResourcesBuildPhase section */
		17CDDE301A2CA77100AB2917 /* Resources */ = {
			isa = PBXResourcesBuildPhase;
			buildActionMask = 2147483647;
			files = (
				1720A4D41A37636D00926848 /* Icon-Small-50@2x.png in Resources */,
				1720A4D61A37636D00926848 /* Icon@2x.png in Resources */,
				1720A4CF1A37636D00926848 /* Icon-Small@3x.png in Resources */,
				17AAFF361A2EAA69006C348C /* click_06-low.mp3 in Resources */,
				17AAFF321A2EA804006C348C /* click_08-low.mp3 in Resources */,
				1720A4DA1A377BFE00926848 /* get.mp3 in Resources */,
				1720A4CC1A37636D00926848 /* Icon-76@2x.png in Resources */,
				1720A4AE1A36DDCD00926848 /* ta_ta_suraido05.mp3 in Resources */,
				1720A4D11A37636D00926848 /* Icon-72.png in Resources */,
				17CDDE441A2CA77100AB2917 /* Main.storyboard in Resources */,
				1720A4DC1A37CF3900926848 /* LobiCore.bundle in Resources */,
				1720A4D21A37636D00926848 /* Icon-72@2x.png in Resources */,
				1720A4C81A37636D00926848 /* Icon-40@3x.png in Resources */,
				1720A4CE1A37636D00926848 /* Icon-Small@2x.png in Resources */,
				17AAFF341A2EA9D9006C348C /* click_03-low.mp3 in Resources */,
				1720A4D51A37636D00926848 /* Icon.png in Resources */,
				17AAFF2A1A2EA3B5006C348C /* SE_17.mp3 in Resources */,
				1720A4D81A37636D00926848 /* iTunesArtwork@2x.png in Resources */,
				1720A4CD1A37636D00926848 /* Icon-Small.png in Resources */,
				1720A4C91A37636D00926848 /* Icon-60@2x.png in Resources */,
				1720A4AC1A36DCF500926848 /* status03.mp3 in Resources */,
				1720A4D71A37636D00926848 /* iTunesArtwork.png in Resources */,
				1720A4D01A37636D00926848 /* Icon-60.png in Resources */,
				17AAFF301A2EA804006C348C /* click_01-low.mp3 in Resources */,
				1720A4C61A37636D00926848 /* Icon-40.png in Resources */,
				17AAFF381A2ECBDA006C348C /* SE_19.mp3 in Resources */,
				17CDDE491A2CA77100AB2917 /* LaunchScreen.xib in Resources */,
				1720A4C71A37636D00926848 /* Icon-40@2x.png in Resources */,
				1720A4E21A37D12000926848 /* LobiRanking.bundle in Resources */,
				1720A4D31A37636D00926848 /* Icon-Small-50.png in Resources */,
				17CDDE461A2CA77100AB2917 /* Images.xcassets in Resources */,
				1720A4CA1A37636D00926848 /* Icon-60@3x.png in Resources */,
				1720A4C51A37636D00926848 /* Contents.json in Resources */,
				1720A4CB1A37636D00926848 /* Icon-76.png in Resources */,
			);
			runOnlyForDeploymentPostprocessing = 0;
		};
		17CDDE4C1A2CA77100AB2917 /* Resources */ = {
			isa = PBXResourcesBuildPhase;
			buildActionMask = 2147483647;
			files = (
			);
			runOnlyForDeploymentPostprocessing = 0;
		};
/* End PBXResourcesBuildPhase section */

/* Begin PBXSourcesBuildPhase section */
		17CDDE2E1A2CA77100AB2917 /* Sources */ = {
			isa = PBXSourcesBuildPhase;
			buildActionMask = 2147483647;
			files = (
				17CDDE3B1A2CA77100AB2917 /* AppDelegate.m in Sources */,
				178CD0101A303AE200AE81A8 /* UIColor+Hex.m in Sources */,
				178CD0181A30534600AE81A8 /* constData.m in Sources */,
				17CDDE631A2CABCF00AB2917 /* playView.m in Sources */,
				17131E0C1A32089E0002D808 /* playSound.m in Sources */,
				17CDDE3E1A2CA77100AB2917 /* Tetoris.xcdatamodeld in Sources */,
				17CDDE411A2CA77100AB2917 /* ViewController.m in Sources */,
				17131E061A316CDB0002D808 /* plistAccess.m in Sources */,
				17CDDE381A2CA77100AB2917 /* main.m in Sources */,
				17CFB3351A38255D00936F54 /* RankingViewController.m in Sources */,
			);
			runOnlyForDeploymentPostprocessing = 0;
		};
		17CDDE4A1A2CA77100AB2917 /* Sources */ = {
			isa = PBXSourcesBuildPhase;
			buildActionMask = 2147483647;
			files = (
				17CDDE551A2CA77100AB2917 /* TetorisTests.m in Sources */,
			);
			runOnlyForDeploymentPostprocessing = 0;
		};
/* End PBXSourcesBuildPhase section */

/* Begin PBXTargetDependency section */
		17CDDE501A2CA77100AB2917 /* PBXTargetDependency */ = {
			isa = PBXTargetDependency;
			target = 17CDDE311A2CA77100AB2917 /* Tetoris */;
			targetProxy = 17CDDE4F1A2CA77100AB2917 /* PBXContainerItemProxy */;
		};
/* End PBXTargetDependency section */

/* Begin PBXVariantGroup section */
		17CDDE421A2CA77100AB2917 /* Main.storyboard */ = {
			isa = PBXVariantGroup;
			children = (
				17CDDE431A2CA77100AB2917 /* Base */,
			);
			name = Main.storyboard;
			sourceTree = "<group>";
		};
		17CDDE471A2CA77100AB2917 /* LaunchScreen.xib */ = {
			isa = PBXVariantGroup;
			children = (
				17CDDE481A2CA77100AB2917 /* Base */,
			);
			name = LaunchScreen.xib;
			sourceTree = "<group>";
		};
/* End PBXVariantGroup section */

/* Begin XCBuildConfiguration section */
		17CDDE561A2CA77100AB2917 /* Debug */ = {
			isa = XCBuildConfiguration;
			buildSettings = {
				ALWAYS_SEARCH_USER_PATHS = NO;
				CLANG_CXX_LANGUAGE_STANDARD = "gnu++0x";
				CLANG_CXX_LIBRARY = "libc++";
				CLANG_ENABLE_MODULES = YES;
				CLANG_ENABLE_OBJC_ARC = YES;
				CLANG_WARN_BOOL_CONVERSION = YES;
				CLANG_WARN_CONSTANT_CONVERSION = YES;
				CLANG_WARN_DIRECT_OBJC_ISA_USAGE = YES_ERROR;
				CLANG_WARN_EMPTY_BODY = YES;
				CLANG_WARN_ENUM_CONVERSION = YES;
				CLANG_WARN_INT_CONVERSION = YES;
				CLANG_WARN_OBJC_ROOT_CLASS = YES_ERROR;
				CLANG_WARN_UNREACHABLE_CODE = YES;
				CLANG_WARN__DUPLICATE_METHOD_MATCH = YES;
				CODE_SIGN_IDENTITY = "";
				"CODE_SIGN_IDENTITY[sdk=iphoneos*]" = "";
				COPY_PHASE_STRIP = NO;
				ENABLE_STRICT_OBJC_MSGSEND = YES;
				GCC_C_LANGUAGE_STANDARD = gnu99;
				GCC_DYNAMIC_NO_PIC = NO;
				GCC_OPTIMIZATION_LEVEL = 0;
				GCC_PREPROCESSOR_DEFINITIONS = (
					"DEBUG=1",
					"$(inherited)",
				);
				GCC_SYMBOLS_PRIVATE_EXTERN = NO;
				GCC_WARN_64_TO_32_BIT_CONVERSION = YES;
				GCC_WARN_ABOUT_RETURN_TYPE = YES_ERROR;
				GCC_WARN_UNDECLARED_SELECTOR = YES;
				GCC_WARN_UNINITIALIZED_AUTOS = YES_AGGRESSIVE;
				GCC_WARN_UNUSED_FUNCTION = YES;
				GCC_WARN_UNUSED_VARIABLE = YES;
				IPHONEOS_DEPLOYMENT_TARGET = 8.1;
				MTL_ENABLE_DEBUG_INFO = YES;
				ONLY_ACTIVE_ARCH = YES;
				PROVISIONING_PROFILE = "830ac39a-d302-4cce-a9b7-bc8705c0c2fe";
				SDKROOT = iphoneos;
			};
			name = Debug;
		};
		17CDDE571A2CA77100AB2917 /* Release */ = {
			isa = XCBuildConfiguration;
			buildSettings = {
				ALWAYS_SEARCH_USER_PATHS = NO;
				CLANG_CXX_LANGUAGE_STANDARD = "gnu++0x";
				CLANG_CXX_LIBRARY = "libc++";
				CLANG_ENABLE_MODULES = YES;
				CLANG_ENABLE_OBJC_ARC = YES;
				CLANG_WARN_BOOL_CONVERSION = YES;
				CLANG_WARN_CONSTANT_CONVERSION = YES;
				CLANG_WARN_DIRECT_OBJC_ISA_USAGE = YES_ERROR;
				CLANG_WARN_EMPTY_BODY = YES;
				CLANG_WARN_ENUM_CONVERSION = YES;
				CLANG_WARN_INT_CONVERSION = YES;
				CLANG_WARN_OBJC_ROOT_CLASS = YES_ERROR;
				CLANG_WARN_UNREACHABLE_CODE = YES;
				CLANG_WARN__DUPLICATE_METHOD_MATCH = YES;
				CODE_SIGN_IDENTITY = "";
				"CODE_SIGN_IDENTITY[sdk=iphoneos*]" = "";
				COPY_PHASE_STRIP = YES;
				ENABLE_NS_ASSERTIONS = NO;
				ENABLE_STRICT_OBJC_MSGSEND = YES;
				GCC_C_LANGUAGE_STANDARD = gnu99;
				GCC_WARN_64_TO_32_BIT_CONVERSION = YES;
				GCC_WARN_ABOUT_RETURN_TYPE = YES_ERROR;
				GCC_WARN_UNDECLARED_SELECTOR = YES;
				GCC_WARN_UNINITIALIZED_AUTOS = YES_AGGRESSIVE;
				GCC_WARN_UNUSED_FUNCTION = YES;
				GCC_WARN_UNUSED_VARIABLE = YES;
				IPHONEOS_DEPLOYMENT_TARGET = 8.1;
				MTL_ENABLE_DEBUG_INFO = NO;
				PROVISIONING_PROFILE = "830ac39a-d302-4cce-a9b7-bc8705c0c2fe";
				SDKROOT = iphoneos;
				VALIDATE_PRODUCT = YES;
			};
			name = Release;
		};
		17CDDE591A2CA77100AB2917 /* Debug */ = {
			isa = XCBuildConfiguration;
			buildSettings = {
				ASSETCATALOG_COMPILER_APPICON_NAME = AppIcon;
				CODE_SIGN_ENTITLEMENTS = Tetoris/Tetoris.entitlements;
				CODE_SIGN_IDENTITY = "iPhone Distribution: Yutaro Goto (5NRPJR4WHJ)";
				"CODE_SIGN_IDENTITY[sdk=iphoneos*]" = "iPhone Distribution: Yutaro Goto (5NRPJR4WHJ)";
				FRAMEWORK_SEARCH_PATHS = (
					"$(inherited)",
					"$(PROJECT_DIR)/Tetoris",
				);
				INFOPLIST_FILE = Tetoris/Info.plist;
				IPHONEOS_DEPLOYMENT_TARGET = 7.1;
				LD_RUNPATH_SEARCH_PATHS = "$(inherited) @executable_path/Frameworks";
				OTHER_LDFLAGS = "-ObjC";
				PRODUCT_NAME = "$(TARGET_NAME)";
				PROVISIONING_PROFILE = "";
			};
			name = Debug;
		};
		17CDDE5A1A2CA77100AB2917 /* Release */ = {
			isa = XCBuildConfiguration;
			buildSettings = {
				ASSETCATALOG_COMPILER_APPICON_NAME = AppIcon;
				CODE_SIGN_ENTITLEMENTS = Tetoris/Tetoris.entitlements;
				CODE_SIGN_IDENTITY = "iPhone Distribution";
				"CODE_SIGN_IDENTITY[sdk=iphoneos*]" = "iPhone Distribution";
				FRAMEWORK_SEARCH_PATHS = (
					"$(inherited)",
					"$(PROJECT_DIR)/Tetoris",
				);
				INFOPLIST_FILE = Tetoris/Info.plist;
				IPHONEOS_DEPLOYMENT_TARGET = 7.1;
				LD_RUNPATH_SEARCH_PATHS = "$(inherited) @executable_path/Frameworks";
				OTHER_LDFLAGS = "-ObjC";
				PRODUCT_NAME = "$(TARGET_NAME)";
				PROVISIONING_PROFILE = "";
			};
			name = Release;
		};
		17CDDE5C1A2CA77100AB2917 /* Debug */ = {
			isa = XCBuildConfiguration;
			buildSettings = {
				BUNDLE_LOADER = "$(TEST_HOST)";
				CODE_SIGN_IDENTITY = "iPhone Developer";
				"CODE_SIGN_IDENTITY[sdk=iphoneos*]" = "iPhone Developer";
				FRAMEWORK_SEARCH_PATHS = (
					"$(SDKROOT)/Developer/Library/Frameworks",
					"$(inherited)",
				);
				GCC_PREPROCESSOR_DEFINITIONS = (
					"DEBUG=1",
					"$(inherited)",
				);
				INFOPLIST_FILE = TetorisTests/Info.plist;
				LD_RUNPATH_SEARCH_PATHS = "$(inherited) @executable_path/Frameworks @loader_path/Frameworks";
				PRODUCT_NAME = "$(TARGET_NAME)";
				PROVISIONING_PROFILE = "";
				TEST_HOST = "$(BUILT_PRODUCTS_DIR)/Tetoris.app/Tetoris";
			};
			name = Debug;
		};
		17CDDE5D1A2CA77100AB2917 /* Release */ = {
			isa = XCBuildConfiguration;
			buildSettings = {
				BUNDLE_LOADER = "$(TEST_HOST)";
				CODE_SIGN_IDENTITY = "iPhone Developer";
				"CODE_SIGN_IDENTITY[sdk=iphoneos*]" = "iPhone Developer";
				FRAMEWORK_SEARCH_PATHS = (
					"$(SDKROOT)/Developer/Library/Frameworks",
					"$(inherited)",
				);
				INFOPLIST_FILE = TetorisTests/Info.plist;
				LD_RUNPATH_SEARCH_PATHS = "$(inherited) @executable_path/Frameworks @loader_path/Frameworks";
				PRODUCT_NAME = "$(TARGET_NAME)";
				PROVISIONING_PROFILE = "";
				TEST_HOST = "$(BUILT_PRODUCTS_DIR)/Tetoris.app/Tetoris";
			};
			name = Release;
		};
/* End XCBuildConfiguration section */

/* Begin XCConfigurationList section */
		17CDDE2D1A2CA77100AB2917 /* Build configuration list for PBXProject "Tetoris" */ = {
			isa = XCConfigurationList;
			buildConfigurations = (
				17CDDE561A2CA77100AB2917 /* Debug */,
				17CDDE571A2CA77100AB2917 /* Release */,
			);
			defaultConfigurationIsVisible = 0;
			defaultConfigurationName = Release;
		};
		17CDDE581A2CA77100AB2917 /* Build configuration list for PBXNativeTarget "Tetoris" */ = {
			isa = XCConfigurationList;
			buildConfigurations = (
				17CDDE591A2CA77100AB2917 /* Debug */,
				17CDDE5A1A2CA77100AB2917 /* Release */,
			);
			defaultConfigurationIsVisible = 0;
			defaultConfigurationName = Release;
		};
		17CDDE5B1A2CA77100AB2917 /* Build configuration list for PBXNativeTarget "TetorisTests" */ = {
			isa = XCConfigurationList;
			buildConfigurations = (
				17CDDE5C1A2CA77100AB2917 /* Debug */,
				17CDDE5D1A2CA77100AB2917 /* Release */,
			);
			defaultConfigurationIsVisible = 0;
			defaultConfigurationName = Release;
		};
/* End XCConfigurationList section */

/* Begin XCVersionGroup section */
		17CDDE3C1A2CA77100AB2917 /* Tetoris.xcdatamodeld */ = {
			isa = XCVersionGroup;
			children = (
				17CDDE3D1A2CA77100AB2917 /* Tetoris.xcdatamodel */,
			);
			currentVersion = 17CDDE3D1A2CA77100AB2917 /* Tetoris.xcdatamodel */;
			path = Tetoris.xcdatamodeld;
			sourceTree = "<group>";
			versionGroupType = wrapper.xcdatamodel;
		};
/* End XCVersionGroup section */
	};
	rootObject = 17CDDE2A1A2CA77100AB2917 /* Project object */;
}
